
Microsoft Visual Studio Solution File, Format Version 12.00
Project("{FAE04EC0-301F-11D3-BF4B-00C04F79EFBC}") = "Tests", "Tests\Tests.csproj", "{19C97949-55E4-4282-8B10-9AC618784BE0}"
EndProject
Project("{FAE04EC0-301F-11D3-BF4B-00C04F79EFBC}") = "SimpleRUDP", "SimpleRUDP\SimpleRUDP.csproj", "{EA0803A8-2396-4442-A21F-2E60362B459E}"
EndProject
Global
	GlobalSection(SolutionConfigurationPlatforms) = preSolution
		Debug|Any CPU = Debug|Any CPU
		Release|Any CPU = Release|Any CPU
	EndGlobalSection
	GlobalSection(ProjectConfigurationPlatforms) = postSolution
		{19C97949-55E4-4282-8B10-9AC618784BE0}.Debug|Any CPU.ActiveCfg = Debug|Any CPU
		{19C97949-55E4-4282-8B10-9AC618784BE0}.Debug|Any CPU.Build.0 = Debug|Any CPU
		{19C97949-55E4-4282-8B10-9AC618784BE0}.Release|Any CPU.ActiveCfg = Release|Any CPU
		{19C97949-55E4-4282-8B10-9AC618784BE0}.Release|Any CPU.Build.0 = Release|Any CPU
		{EA0803A8-2396-4442-A21F-2E60362B459E}.Debug|Any CPU.ActiveCfg = Debug|Any CPU
		{EA0803A8-2396-4442-A21F-2E60362B459E}.Debug|Any CPU.Build.0 = Debug|Any CPU
		{EA0803A8-2396-4442-A21F-2E60362B459E}.Release|Any CPU.ActiveCfg = Release|Any CPU
		{EA0803A8-2396-4442-A21F-2E60362B459E}.Release|Any CPU.Build.0 = Release|Any CPU
	EndGlobalSection
EndGlobal
