
Microsoft Visual Studio Solution File, Format Version 12.00
Project("{FAE04EC0-301F-11D3-BF4B-00C04F79EFBC}") = "SimpleRUDP", "SimpleRUDP\SimpleRUDP.csproj", "{03EED0F1-6517-4DF2-9A7C-B1B9B2FBE8ED}"
EndProject
Project("{FAE04EC0-301F-11D3-BF4B-00C04F79EFBC}") = "Tests", "Tests\Tests.csproj", "{19C97949-55E4-4282-8B10-9AC618784BE0}"
EndProject
Global
	GlobalSection(SolutionConfigurationPlatforms) = preSolution
		Debug|Any CPU = Debug|Any CPU
		Release|Any CPU = Release|Any CPU
	EndGlobalSection
	GlobalSection(ProjectConfigurationPlatforms) = postSolution
		{03EED0F1-6517-4DF2-9A7C-B1B9B2FBE8ED}.Debug|Any CPU.ActiveCfg = Debug|Any CPU
		{03EED0F1-6517-4DF2-9A7C-B1B9B2FBE8ED}.Debug|Any CPU.Build.0 = Debug|Any CPU
		{03EED0F1-6517-4DF2-9A7C-B1B9B2FBE8ED}.Release|Any CPU.ActiveCfg = Release|Any CPU
		{03EED0F1-6517-4DF2-9A7C-B1B9B2FBE8ED}.Release|Any CPU.Build.0 = Release|Any CPU
		{19C97949-55E4-4282-8B10-9AC618784BE0}.Debug|Any CPU.ActiveCfg = Debug|Any CPU
		{19C97949-55E4-4282-8B10-9AC618784BE0}.Debug|Any CPU.Build.0 = Debug|Any CPU
		{19C97949-55E4-4282-8B10-9AC618784BE0}.Release|Any CPU.ActiveCfg = Release|Any CPU
		{19C97949-55E4-4282-8B10-9AC618784BE0}.Release|Any CPU.Build.0 = Release|Any CPU
	EndGlobalSection
EndGlobal
